
Microsoft Visual Studio Solution File, Format Version 12.00
# Visual Studio Version 17
VisualStudioVersion = 17.14.36603.0 d17.14
MinimumVisualStudioVersion = 10.0.40219.1
Project("{FAE04EC0-301F-11D3-BF4B-00C04F79EFBC}") = "Domain", "Domain\Domain.csproj", "{37FD349B-9F58-4457-96D2-B9FFB058534B}"
EndProject
Global
	GlobalSection(SolutionConfigurationPlatforms) = preSolution
		Debug|Any CPU = Debug|Any CPU
		Release|Any CPU = Release|Any CPU
	EndGlobalSection
	GlobalSection(ProjectConfigurationPlatforms) = postSolution
		{37FD349B-9F58-4457-96D2-B9FFB058534B}.Debug|Any CPU.ActiveCfg = Debug|Any CPU
		{37FD349B-9F58-4457-96D2-B9FFB058534B}.Debug|Any CPU.Build.0 = Debug|Any CPU
		{37FD349B-9F58-4457-96D2-B9FFB058534B}.Release|Any CPU.ActiveCfg = Release|Any CPU
		{37FD349B-9F58-4457-96D2-B9FFB058534B}.Release|Any CPU.Build.0 = Release|Any CPU
	EndGlobalSection
	GlobalSection(SolutionProperties) = preSolution
		HideSolutionNode = FALSE
	EndGlobalSection
	GlobalSection(ExtensibilityGlobals) = postSolution
		SolutionGuid = {39B77BAC-DE01-4B4B-A3C4-F144F5397549}
	EndGlobalSection
EndGlobal
