
Microsoft Visual Studio Solution File, Format Version 12.00
# Visual Studio Version 17
VisualStudioVersion = 17.14.36603.0
MinimumVisualStudioVersion = 10.0.40219.1
Project("{FAE04EC0-301F-11D3-BF4B-00C04F79EFBC}") = "Boothaus.Domain", "Boothaus.Domain\Boothaus.Domain.csproj", "{37FD349B-9F58-4457-96D2-B9FFB058534B}"
EndProject
Project("{FAE04EC0-301F-11D3-BF4B-00C04F79EFBC}") = "Boothaus.GUI", "Boothaus.GUI\Boothaus.GUI.csproj", "{77737A2B-A30A-4DB4-B613-13C8AAB10228}"
EndProject
Project("{FAE04EC0-301F-11D3-BF4B-00C04F79EFBC}") = "Boothaus.Services", "Boothaus.Services\Boothaus.Services.csproj", "{62111E0C-4BFA-4A22-BB8E-37F24DD16192}"
EndProject
Project("{FAE04EC0-301F-11D3-BF4B-00C04F79EFBC}") = "Boothaus.Tests", "Boothaus.Tests\Boothaus.Tests.csproj", "{3E736E02-1186-4165-95A6-E1545039A3F8}"
EndProject
Global
	GlobalSection(SolutionConfigurationPlatforms) = preSolution
		Debug|Any CPU = Debug|Any CPU
		Release|Any CPU = Release|Any CPU
	EndGlobalSection
	GlobalSection(ProjectConfigurationPlatforms) = postSolution
		{37FD349B-9F58-4457-96D2-B9FFB058534B}.Debug|Any CPU.ActiveCfg = Debug|Any CPU
		{37FD349B-9F58-4457-96D2-B9FFB058534B}.Debug|Any CPU.Build.0 = Debug|Any CPU
		{37FD349B-9F58-4457-96D2-B9FFB058534B}.Release|Any CPU.ActiveCfg = Release|Any CPU
		{37FD349B-9F58-4457-96D2-B9FFB058534B}.Release|Any CPU.Build.0 = Release|Any CPU
		{77737A2B-A30A-4DB4-B613-13C8AAB10228}.Debug|Any CPU.ActiveCfg = Debug|Any CPU
		{77737A2B-A30A-4DB4-B613-13C8AAB10228}.Debug|Any CPU.Build.0 = Debug|Any CPU
		{77737A2B-A30A-4DB4-B613-13C8AAB10228}.Release|Any CPU.ActiveCfg = Release|Any CPU
		{77737A2B-A30A-4DB4-B613-13C8AAB10228}.Release|Any CPU.Build.0 = Release|Any CPU
		{62111E0C-4BFA-4A22-BB8E-37F24DD16192}.Debug|Any CPU.ActiveCfg = Debug|Any CPU
		{62111E0C-4BFA-4A22-BB8E-37F24DD16192}.Debug|Any CPU.Build.0 = Debug|Any CPU
		{62111E0C-4BFA-4A22-BB8E-37F24DD16192}.Release|Any CPU.ActiveCfg = Release|Any CPU
		{62111E0C-4BFA-4A22-BB8E-37F24DD16192}.Release|Any CPU.Build.0 = Release|Any CPU
		{3E736E02-1186-4165-95A6-E1545039A3F8}.Debug|Any CPU.ActiveCfg = Debug|Any CPU
		{3E736E02-1186-4165-95A6-E1545039A3F8}.Debug|Any CPU.Build.0 = Debug|Any CPU
		{3E736E02-1186-4165-95A6-E1545039A3F8}.Release|Any CPU.ActiveCfg = Release|Any CPU
		{3E736E02-1186-4165-95A6-E1545039A3F8}.Release|Any CPU.Build.0 = Release|Any CPU
	EndGlobalSection
	GlobalSection(SolutionProperties) = preSolution
		HideSolutionNode = FALSE
	EndGlobalSection
	GlobalSection(ExtensibilityGlobals) = postSolution
		SolutionGuid = {39B77BAC-DE01-4B4B-A3C4-F144F5397549}
	EndGlobalSection
EndGlobal
